
Microsoft Visual Studio Solution File, Format Version 11.00
# Visual Studio 2010
Project("{FAE04EC0-301F-11D3-BF4B-00C04F79EFBC}") = "AutoEmailsApp", "commonServiceMonitoring\AutoEmailsApp.csproj", "{2EB7CB5D-D937-4D24-8FF5-F8767F667537}"
EndProject
Global
	GlobalSection(SolutionConfigurationPlatforms) = preSolution
		CD_ROM|x64 = CD_ROM|x64
		CD_ROM|x86 = CD_ROM|x86
		Debug|x64 = Debug|x64
		Debug|x86 = Debug|x86
		DVD-5|x64 = DVD-5|x64
		DVD-5|x86 = DVD-5|x86
		Release|x64 = Release|x64
		Release|x86 = Release|x86
		SingleImage|x64 = SingleImage|x64
		SingleImage|x86 = SingleImage|x86
	EndGlobalSection
	GlobalSection(ProjectConfigurationPlatforms) = postSolution
		{2EB7CB5D-D937-4D24-8FF5-F8767F667537}.CD_ROM|x64.ActiveCfg = Release|x64
		{2EB7CB5D-D937-4D24-8FF5-F8767F667537}.CD_ROM|x64.Build.0 = Release|x64
		{2EB7CB5D-D937-4D24-8FF5-F8767F667537}.CD_ROM|x86.ActiveCfg = Release|x86
		{2EB7CB5D-D937-4D24-8FF5-F8767F667537}.CD_ROM|x86.Build.0 = Release|x86
		{2EB7CB5D-D937-4D24-8FF5-F8767F667537}.Debug|x64.ActiveCfg = Debug|x86
		{2EB7CB5D-D937-4D24-8FF5-F8767F667537}.Debug|x64.Build.0 = Debug|x86
		{2EB7CB5D-D937-4D24-8FF5-F8767F667537}.Debug|x86.ActiveCfg = Debug|x86
		{2EB7CB5D-D937-4D24-8FF5-F8767F667537}.Debug|x86.Build.0 = Debug|x86
		{2EB7CB5D-D937-4D24-8FF5-F8767F667537}.DVD-5|x64.ActiveCfg = Debug|x64
		{2EB7CB5D-D937-4D24-8FF5-F8767F667537}.DVD-5|x64.Build.0 = Debug|x64
		{2EB7CB5D-D937-4D24-8FF5-F8767F667537}.DVD-5|x86.ActiveCfg = Debug|x86
		{2EB7CB5D-D937-4D24-8FF5-F8767F667537}.DVD-5|x86.Build.0 = Debug|x86
		{2EB7CB5D-D937-4D24-8FF5-F8767F667537}.Release|x64.ActiveCfg = Release|x64
		{2EB7CB5D-D937-4D24-8FF5-F8767F667537}.Release|x64.Build.0 = Release|x64
		{2EB7CB5D-D937-4D24-8FF5-F8767F667537}.Release|x86.ActiveCfg = Release|x86
		{2EB7CB5D-D937-4D24-8FF5-F8767F667537}.Release|x86.Build.0 = Release|x86
		{2EB7CB5D-D937-4D24-8FF5-F8767F667537}.SingleImage|x64.ActiveCfg = Release|x64
		{2EB7CB5D-D937-4D24-8FF5-F8767F667537}.SingleImage|x64.Build.0 = Release|x64
		{2EB7CB5D-D937-4D24-8FF5-F8767F667537}.SingleImage|x86.ActiveCfg = Release|x86
		{2EB7CB5D-D937-4D24-8FF5-F8767F667537}.SingleImage|x86.Build.0 = Release|x86
	EndGlobalSection
	GlobalSection(SolutionProperties) = preSolution
		HideSolutionNode = FALSE
	EndGlobalSection
EndGlobal
